
Microsoft Visual Studio Solution File, Format Version 12.00
# Visual Studio 15
VisualStudioVersion = 15.0.28010.2019
MinimumVisualStudioVersion = 10.0.40219.1
Project("{FAE04EC0-301F-11D3-BF4B-00C04F79EFBC}") = "DemoPlayFair", "DemoPlayFair\DemoPlayFair.csproj", "{DF7A0882-CC7A-4486-9C7D-FCED669C37EC}"
EndProject
Global
	GlobalSection(SolutionConfigurationPlatforms) = preSolution
		Debug|Any CPU = Debug|Any CPU
		Release|Any CPU = Release|Any CPU
	EndGlobalSection
	GlobalSection(ProjectConfigurationPlatforms) = postSolution
		{DF7A0882-CC7A-4486-9C7D-FCED669C37EC}.Debug|Any CPU.ActiveCfg = Debug|Any CPU
		{DF7A0882-CC7A-4486-9C7D-FCED669C37EC}.Debug|Any CPU.Build.0 = Debug|Any CPU
		{DF7A0882-CC7A-4486-9C7D-FCED669C37EC}.Release|Any CPU.ActiveCfg = Release|Any CPU
		{DF7A0882-CC7A-4486-9C7D-FCED669C37EC}.Release|Any CPU.Build.0 = Release|Any CPU
	EndGlobalSection
	GlobalSection(SolutionProperties) = preSolution
		HideSolutionNode = FALSE
	EndGlobalSection
	GlobalSection(ExtensibilityGlobals) = postSolution
		SolutionGuid = {B4542624-E6E1-41AF-BF01-C7B6B34A1B7C}
	EndGlobalSection
EndGlobal
